
Microsoft Visual Studio Solution File, Format Version 12.00
# Visual Studio Version 16
VisualStudioVersion = 16.0.31321.278
MinimumVisualStudioVersion = 10.0.40219.1
Project("{8BC9CEB8-8B4A-11D0-8D11-00A0C91BC942}") = "lynx", "lynx\lynx.vcxproj", "{7406E772-7E6C-49D7-8165-4E82C54E6042}"
EndProject
Global
	GlobalSection(SolutionConfigurationPlatforms) = preSolution
		Debug|x64 = Debug|x64
		Debug|x86 = Debug|x86
		Release|x64 = Release|x64
		Release|x86 = Release|x86
	EndGlobalSection
	GlobalSection(ProjectConfigurationPlatforms) = postSolution
		{7406E772-7E6C-49D7-8165-4E82C54E6042}.Debug|x64.ActiveCfg = Debug|x64
		{7406E772-7E6C-49D7-8165-4E82C54E6042}.Debug|x64.Build.0 = Debug|x64
		{7406E772-7E6C-49D7-8165-4E82C54E6042}.Debug|x86.ActiveCfg = Debug|Win32
		{7406E772-7E6C-49D7-8165-4E82C54E6042}.Debug|x86.Build.0 = Debug|Win32
		{7406E772-7E6C-49D7-8165-4E82C54E6042}.Release|x64.ActiveCfg = Release|x64
		{7406E772-7E6C-49D7-8165-4E82C54E6042}.Release|x64.Build.0 = Release|x64
		{7406E772-7E6C-49D7-8165-4E82C54E6042}.Release|x86.ActiveCfg = Release|Win32
		{7406E772-7E6C-49D7-8165-4E82C54E6042}.Release|x86.Build.0 = Release|Win32
	EndGlobalSection
	GlobalSection(SolutionProperties) = preSolution
		HideSolutionNode = FALSE
	EndGlobalSection
	GlobalSection(ExtensibilityGlobals) = postSolution
		SolutionGuid = {D7DB8E57-E559-4889-9EDA-6E61FC76B498}
	EndGlobalSection
EndGlobal
